{
  "name": "chrome-jira-gitlab",
  "lockfileVersion": 3,
  "requires": true,
  "packages": {
    "": {
      "dependencies": {
        "pnpx": "^0.0.1"
      }
    },
    "node_modules/pnpx": {
      "version": "0.0.1",
      "resolved": "https://repo.corp.tander.ru/repository/npmjs/pnpx/-/pnpx-0.0.1.tgz",
      "integrity": "sha512-mBRUYL3Stk3D9Lm2Bpk9hpCeo9X1QcFUTfwyBEjVDJpI/1/xOxruz5nHJuQLnaBWddAI+iNgo/2qY0qt0Nnf/w==",
      "license": "MIT",
      "bin": {
        "pnpx": "index.js"
      }
    }
  }
}
